{
    "name": "package-name",
    "version": "1.0.0",
    "lockfileVersion": 3,
    "requires": true,
    "packages": {
        "": {
            "name": "package-name",
            "version": "1.0.0",
            "license": "MIT",
            "devDependencies": {
                "svelte-select": "github:xeals/svelte-select#93e6000"
            }
        },
        "node_modules/@floating-ui/core": {
            "version": "1.6.9",
            "resolved": "https://registry.npmjs.org/@floating-ui/core/-/core-1.6.9.tgz",
            "integrity": "sha512-uMXCuQ3BItDUbAMhIXw7UPXRfAlOAvZzdK9BWpE60MCn+Svt3aLn9jsPTi/WNGlRUu2uI0v5S7JiIUsbsvh3fw==",
            "dev": true,
            "license": "MIT",
            "dependencies": {
                "@floating-ui/utils": "^0.2.9"
            }
        },
        "node_modules/@floating-ui/dom": {
            "version": "1.6.13",
            "resolved": "https://registry.npmjs.org/@floating-ui/dom/-/dom-1.6.13.tgz",
            "integrity": "sha512-umqzocjDgNRGTuO7Q8CU32dkHkECqI8ZdMZ5Swb6QAM0t5rnlrN3lGo1hdpscRd3WS8T6DKYK4ephgIH9iRh3w==",
            "dev": true,
            "license": "MIT",
            "dependencies": {
                "@floating-ui/core": "^1.6.0",
                "@floating-ui/utils": "^0.2.9"
            }
        },
        "node_modules/@floating-ui/utils": {
            "version": "0.2.9",
            "resolved": "https://registry.npmjs.org/@floating-ui/utils/-/utils-0.2.9.tgz",
            "integrity": "sha512-MDWhGtE+eHw5JW7lq4qhc5yRLS11ERl1c7Z6Xd0a58DozHES6EnNNwUWbMiG4J9Cgj053Bhk8zvlhFYKVhULwg==",
            "dev": true,
            "license": "MIT"
        },
        "node_modules/svelte-floating-ui": {
            "version": "1.5.8",
            "resolved": "https://registry.npmjs.org/svelte-floating-ui/-/svelte-floating-ui-1.5.8.tgz",
            "integrity": "sha512-dVvJhZ2bT+kQDHlE4Lep8t+sgEc0XD96fXLzAi2DDI2bsaegBbClxXVNMma0C2WsG+n9GJSYx292dTvA8CYRtw==",
            "dev": true,
            "license": "MIT",
            "dependencies": {
                "@floating-ui/core": "^1.5.0",
                "@floating-ui/dom": "^1.5.3"
            }
        },
        "node_modules/svelte-select": {
            "version": "5.8.3",
            "resolved": "git+ssh://git@github.com/xeals/svelte-select.git#93e6000f938ecd7b7f7b79c780a942c26a36982f",
            "dev": true,
            "license": "ISC",
            "dependencies": {
                "svelte-floating-ui": "1.5.8"
            }
        }
    }
}
